
Microsoft Visual Studio Solution File, Format Version 12.00
# Visual Studio Version 17
VisualStudioVersion = 17.2.32630.192
MinimumVisualStudioVersion = 10.0.40219.1
Project("{FAE04EC0-301F-11D3-BF4B-00C04F79EFBC}") = "StrongPass", "StrongPass\StrongPass.csproj", "{C15600E3-6F95-49D8-8D56-CA71EA9408BD}"
EndProject
Global
	GlobalSection(SolutionConfigurationPlatforms) = preSolution
		Debug|Any CPU = Debug|Any CPU
		Release|Any CPU = Release|Any CPU
	EndGlobalSection
	GlobalSection(ProjectConfigurationPlatforms) = postSolution
		{C15600E3-6F95-49D8-8D56-CA71EA9408BD}.Debug|Any CPU.ActiveCfg = Debug|Any CPU
		{C15600E3-6F95-49D8-8D56-CA71EA9408BD}.Debug|Any CPU.Build.0 = Debug|Any CPU
		{C15600E3-6F95-49D8-8D56-CA71EA9408BD}.Release|Any CPU.ActiveCfg = Release|Any CPU
		{C15600E3-6F95-49D8-8D56-CA71EA9408BD}.Release|Any CPU.Build.0 = Release|Any CPU
	EndGlobalSection
	GlobalSection(SolutionProperties) = preSolution
		HideSolutionNode = FALSE
	EndGlobalSection
	GlobalSection(ExtensibilityGlobals) = postSolution
		SolutionGuid = {F874BEC5-A226-4D93-A6E5-6666DEEFEA62}
	EndGlobalSection
EndGlobal
